<?xml version="1.0" encoding="utf-8"?>
<Project ToolsVersion="4.0" xmlns="http://schemas.microsoft.com/developer/msbuild/2003">
  <ItemGroup>
    <Filter Include="Source Files">
      <UniqueIdentifier>{4FC737F1-C7A5-4376-A066-2A32D752A2FF}</UniqueIdentifier>
      <Extensions>cpp;c;cc;cxx;c++;cppm;ixx;def;odl;idl;hpj;bat;asm;asmx</Extensions>
    </Filter>
    <Filter Include="Header Files">
      <UniqueIdentifier>{93995380-89BD-4b04-88EB-625FBE52EBFB}</UniqueIdentifier>
      <Extensions>h;hh;hpp;hxx;h++;hm;inl;inc;ipp;xsd</Extensions>
    </Filter>
    <Filter Include="Resource Files">
      <UniqueIdentifier>{67DA6AB6-F800-4c08-8B7A-83BB121AAD01}</UniqueIdentifier>
      <Extensions>rc;ico;cur;bmp;dlg;rc2;rct;bin;rgs;gif;jpg;jpeg;jpe;resx;tiff;tif;png;wav;mfcribbon-ms</Extensions>
    </Filter>
    <Filter Include="Header Files\graphics">
      <UniqueIdentifier>{4d15977e-ade8-4c6a-807d-0d112040adbf}</UniqueIdentifier>
    </Filter>
    <Filter Include="Header Files\simmulation">
      <UniqueIdentifier>{a5949d3e-f9da-4b30-ade0-1c37f9fd8db7}</UniqueIdentifier>
    </Filter>
    <Filter Include="Header Files\interfaces">
      <UniqueIdentifier>{2b1cff9a-f4a1-4b3f-8110-805eebc6c0a7}</UniqueIdentifier>
    </Filter>
    <Filter Include="Source Files\graphics">
      <UniqueIdentifier>{c387b72d-988f-4b20-817a-b5cbd86ad50a}</UniqueIdentifier>
    </Filter>
    <Filter Include="Source Files\simmulation">
      <UniqueIdentifier>{4aefb765-d41f-4d10-aea5-c05862455b7c}</UniqueIdentifier>
    </Filter>
    <Filter Include="Source Files\testModules">
      <UniqueIdentifier>{28538e1c-0516-4a4f-854f-553e6323f271}</UniqueIdentifier>
    </Filter>
    <Filter Include="Header Files\testModules">
      <UniqueIdentifier>{ac8a2b3a-a768-41f3-85ea-90a64025def9}</UniqueIdentifier>
    </Filter>
    <Filter Include="Source Files\simmulation\DefaultComponents">
      <UniqueIdentifier>{657fb15f-59f9-4c19-9099-b2e66261d817}</UniqueIdentifier>
    </Filter>
    <Filter Include="Header Files\simmulation\DefaultComponents">
      <UniqueIdentifier>{bb5c6ba6-f4c5-43c2-b3b3-2b3146f0d599}</UniqueIdentifier>
    </Filter>
    <Filter Include="Header Files\construction">
      <UniqueIdentifier>{8c25a91c-4ba2-473b-98b0-413493c5c42c}</UniqueIdentifier>
    </Filter>
    <Filter Include="Source Files\construction">
      <UniqueIdentifier>{37065347-a7c3-4ecf-a03b-cbff0021f6ce}</UniqueIdentifier>
    </Filter>
    <Filter Include="Header Files\simmulation\BasicProceduralAIControllers">
      <UniqueIdentifier>{45c580f4-cbec-4f4d-82a6-a1955eb24881}</UniqueIdentifier>
    </Filter>
    <Filter Include="Source Files\simmulation\BasicProceduralAiController">
      <UniqueIdentifier>{aff2f8b3-b463-48fd-8ac0-8eff9104badf}</UniqueIdentifier>
    </Filter>
    <Filter Include="Resource Files\Python Source">
      <UniqueIdentifier>{2db0f8bc-1f77-4958-8cb3-602fd2d3acc0}</UniqueIdentifier>
    </Filter>
  </ItemGroup>
  <ItemGroup>
    <ClInclude Include="DynamicObject.h">
      <Filter>Header Files\graphics</Filter>
    </ClInclude>
    <ClInclude Include="StaticObject.h">
      <Filter>Header Files\graphics</Filter>
    </ClInclude>
    <ClInclude Include="Drone.h">
      <Filter>Header Files\simmulation</Filter>
    </ClInclude>
    <ClInclude Include="GraphicsManager.h">
      <Filter>Header Files\graphics</Filter>
    </ClInclude>
    <ClInclude Include="SensorInterface.h">
      <Filter>Header Files\interfaces</Filter>
    </ClInclude>
    <ClInclude Include="CommunicationInterface.h">
      <Filter>Header Files\interfaces</Filter>
    </ClInclude>
    <ClInclude Include="ObjectControllerInterface.h">
      <Filter>Header Files\interfaces</Filter>
    </ClInclude>
    <ClInclude Include="IOcontroller.h">
      <Filter>Header Files\graphics</Filter>
    </ClInclude>
    <ClInclude Include="test.AIDroneController.h">
      <Filter>Header Files\testModules</Filter>
    </ClInclude>
    <ClInclude Include="test.pyCommunication.h">
      <Filter>Header Files\testModules</Filter>
    </ClInclude>
    <ClInclude Include="PhysicsComponentInterface.h">
      <Filter>Header Files\interfaces</Filter>
    </ClInclude>
    <ClInclude Include="PhysicsManager.h">
      <Filter>Header Files\simmulation</Filter>
    </ClInclude>
    <ClInclude Include="DefaultPhysicsComponents.h">
      <Filter>Header Files\simmulation\DefaultComponents</Filter>
    </ClInclude>
    <ClInclude Include="DefaultSensors.h">
      <Filter>Header Files\simmulation\DefaultComponents</Filter>
    </ClInclude>
    <ClInclude Include="KeyboardController.h">
      <Filter>Header Files\simmulation\DefaultComponents</Filter>
    </ClInclude>
    <ClInclude Include="ObjectFactory.h">
      <Filter>Header Files\construction</Filter>
    </ClInclude>
    <ClInclude Include="JSONParser.h">
      <Filter>Header Files\construction</Filter>
    </ClInclude>
    <ClInclude Include="BasicBirdSimController.h">
      <Filter>Header Files\simmulation\BasicProceduralAIControllers</Filter>
    </ClInclude>
    <ClInclude Include="Main.h">
      <Filter>Header Files</Filter>
    </ClInclude>
    <ClInclude Include="DefaultObjectStorage.h">
      <Filter>Header Files\construction</Filter>
    </ClInclude>
  </ItemGroup>
  <ItemGroup>
    <ClCompile Include="GraphicsManager.cpp">
      <Filter>Source Files\graphics</Filter>
    </ClCompile>
    <ClCompile Include="DynamicObject.cpp">
      <Filter>Source Files\graphics</Filter>
    </ClCompile>
    <ClCompile Include="StaticObject.cpp">
      <Filter>Source Files\graphics</Filter>
    </ClCompile>
    <ClCompile Include="Drone.cpp">
      <Filter>Source Files\simmulation</Filter>
    </ClCompile>
    <ClCompile Include="test.fstExample.cpp">
      <Filter>Source Files\testModules</Filter>
    </ClCompile>
    <ClCompile Include="test.main.cpp">
      <Filter>Source Files\testModules</Filter>
    </ClCompile>
    <ClCompile Include="IOController.cpp">
      <Filter>Source Files\graphics</Filter>
    </ClCompile>
    <ClCompile Include="test.AIDroneController.cpp">
      <Filter>Source Files\testModules</Filter>
    </ClCompile>
    <ClCompile Include="test.pyCommunication.cpp">
      <Filter>Source Files\testModules</Filter>
    </ClCompile>
    <ClCompile Include="DefaultPhysicsComponents.cpp">
      <Filter>Source Files\simmulation\DefaultComponents</Filter>
    </ClCompile>
    <ClCompile Include="DefaultSensors.cpp">
      <Filter>Source Files\simmulation\DefaultComponents</Filter>
    </ClCompile>
    <ClCompile Include="PhysicsManager.cpp">
      <Filter>Source Files\simmulation</Filter>
    </ClCompile>
    <ClCompile Include="KeyboardController.cpp">
      <Filter>Source Files\simmulation\DefaultComponents</Filter>
    </ClCompile>
    <ClCompile Include="ObjectFactory.cpp">
      <Filter>Source Files\construction</Filter>
    </ClCompile>
    <ClCompile Include="JSONParser.cpp">
      <Filter>Source Files\construction</Filter>
    </ClCompile>
    <ClCompile Include="BasicBirdSimController.cpp">
      <Filter>Source Files\simmulation\BasicProceduralAiController</Filter>
    </ClCompile>
    <ClCompile Include="Main.cpp">
      <Filter>Source Files</Filter>
    </ClCompile>
    <ClCompile Include="DefaultObjectStorage.cpp">
      <Filter>Source Files\construction</Filter>
    </ClCompile>
  </ItemGroup>
  <ItemGroup>
    <None Include="DQN_RL.py">
      <Filter>Resource Files\Python Source</Filter>
    </None>
    <None Include="comunicator.py">
      <Filter>Resource Files\Python Source</Filter>
    </None>
  </ItemGroup>
</Project>